
Microsoft Visual Studio Solution File, Format Version 12.00
# Visual Studio Version 17
VisualStudioVersion = 17.8.34330.188
MinimumVisualStudioVersion = 10.0.40219.1
Project("{FAE04EC0-301F-11D3-BF4B-00C04F79EFBC}") = "WinFormsApp2", "WinFormsApp2\WinFormsApp2.csproj", "{59A6538B-5751-4E3C-9FEF-8901477A3F82}"
EndProject
Global
	GlobalSection(SolutionConfigurationPlatforms) = preSolution
		Debug|Any CPU = Debug|Any CPU
		Release|Any CPU = Release|Any CPU
	EndGlobalSection
	GlobalSection(ProjectConfigurationPlatforms) = postSolution
		{59A6538B-5751-4E3C-9FEF-8901477A3F82}.Debug|Any CPU.ActiveCfg = Debug|Any CPU
		{59A6538B-5751-4E3C-9FEF-8901477A3F82}.Debug|Any CPU.Build.0 = Debug|Any CPU
		{59A6538B-5751-4E3C-9FEF-8901477A3F82}.Release|Any CPU.ActiveCfg = Release|Any CPU
		{59A6538B-5751-4E3C-9FEF-8901477A3F82}.Release|Any CPU.Build.0 = Release|Any CPU
	EndGlobalSection
	GlobalSection(SolutionProperties) = preSolution
		HideSolutionNode = FALSE
	EndGlobalSection
	GlobalSection(ExtensibilityGlobals) = postSolution
		SolutionGuid = {D57F0554-CF15-45DE-A9A2-82EAF6035AF6}
	EndGlobalSection
EndGlobal
